
Microsoft Visual Studio Solution File, Format Version 12.00
# Visual Studio Version 17
VisualStudioVersion = 17.6.33723.286
MinimumVisualStudioVersion = 10.0.40219.1
Project("{FAE04EC0-301F-11D3-BF4B-00C04F79EFBC}") = "restaurant_order_app", "restaurant_order_app\restaurant_order_app.csproj", "{95EBC87C-7181-4726-AC72-BAD66B439FAD}"
EndProject
Global
	GlobalSection(SolutionConfigurationPlatforms) = preSolution
		Debug|Any CPU = Debug|Any CPU
		Release|Any CPU = Release|Any CPU
	EndGlobalSection
	GlobalSection(ProjectConfigurationPlatforms) = postSolution
		{95EBC87C-7181-4726-AC72-BAD66B439FAD}.Debug|Any CPU.ActiveCfg = Debug|Any CPU
		{95EBC87C-7181-4726-AC72-BAD66B439FAD}.Debug|Any CPU.Build.0 = Debug|Any CPU
		{95EBC87C-7181-4726-AC72-BAD66B439FAD}.Release|Any CPU.ActiveCfg = Release|Any CPU
		{95EBC87C-7181-4726-AC72-BAD66B439FAD}.Release|Any CPU.Build.0 = Release|Any CPU
	EndGlobalSection
	GlobalSection(SolutionProperties) = preSolution
		HideSolutionNode = FALSE
	EndGlobalSection
	GlobalSection(ExtensibilityGlobals) = postSolution
		SolutionGuid = {33C46290-7013-437E-9C91-EB3CBE500B16}
	EndGlobalSection
EndGlobal
